Microsoft Visual Studio Solution File, Format Version 12.00
# Visual Studio Version 17
VisualStudioVersion = 17.5.2.0
MinimumVisualStudioVersion = 10.0.40219.1
Project("{2150E333-8FDC-42A3-9474-1A3956D46DE8}") = "mayer-demo-project", "mayer-demo-project", "{F1EC0FD1-B1FE-ECF6-482E-26B5C3C6FF16}"
EndProject
Project("{FAE04EC0-301F-11D3-BF4B-00C04F79EFBC}") = "MayerDemo.API", "mayer-demo-project\backend\MayerDemo.API.csproj", "{0462FBD0-0984-1BC4-EDD3-98FCCD891FD9}"
EndProject
Global
	GlobalSection(SolutionConfigurationPlatforms) = preSolution
		Debug|Any CPU = Debug|Any CPU
		Release|Any CPU = Release|Any CPU
	EndGlobalSection
	GlobalSection(ProjectConfigurationPlatforms) = postSolution
		{0462FBD0-0984-1BC4-EDD3-98FCCD891FD9}.Debug|Any CPU.ActiveCfg = Debug|Any CPU
		{0462FBD0-0984-1BC4-EDD3-98FCCD891FD9}.Debug|Any CPU.Build.0 = Debug|Any CPU
		{0462FBD0-0984-1BC4-EDD3-98FCCD891FD9}.Release|Any CPU.ActiveCfg = Release|Any CPU
		{0462FBD0-0984-1BC4-EDD3-98FCCD891FD9}.Release|Any CPU.Build.0 = Release|Any CPU
	EndGlobalSection
	GlobalSection(SolutionProperties) = preSolution
		HideSolutionNode = FALSE
	EndGlobalSection
	GlobalSection(NestedProjects) = preSolution
		{0462FBD0-0984-1BC4-EDD3-98FCCD891FD9} = {F1EC0FD1-B1FE-ECF6-482E-26B5C3C6FF16}
	EndGlobalSection
	GlobalSection(ExtensibilityGlobals) = postSolution
		SolutionGuid = {2BE4FD47-D09C-41CF-84A8-A527AB8DE46B}
	EndGlobalSection
EndGlobal
